// !$*UTF8*$!
{
	archiveVersion = 1;
	classes = {
	};
	objectVersion = 46;
	objects = {

/* Begin PBXBuildFile section */
		343CD5701C1527DA006F26BA /* PDFViewController.swift in Sources */ = {isa = PBXBuildFile; fileRef = 343CD56F1C1527DA006F26BA /* PDFViewController.swift */; };
		34609E721C10096400D0F743 /* StoreKit.framework in Frameworks */ = {isa = PBXBuildFile; fileRef = 34609E711C10096400D0F743 /* StoreKit.framework */; };
		34A76D3F1C13D5C60065E790 /* Constants.swift in Sources */ = {isa = PBXBuildFile; fileRef = 34A76D3E1C13D5C60065E790 /* Constants.swift */; };
		34A76D411C13E3010065E790 /* Version.swift in Sources */ = {isa = PBXBuildFile; fileRef = 34A76D401C13E3010065E790 /* Version.swift */; };
		34EF89EA1C0F9AD30000E33B /* SettingsViewController.swift in Sources */ = {isa = PBXBuildFile; fileRef = 34EF89E91C0F9AD30000E33B /* SettingsViewController.swift */; };
		FB61E6161C03986C0065BABB /* Issue.swift in Sources */ = {isa = PBXBuildFile; fileRef = FB61E6151C03986C0065BABB /* Issue.swift */; };
		FB61E61A1C03994D0065BABB /* IssueTableViewCell.swift in Sources */ = {isa = PBXBuildFile; fileRef = FB61E6191C03994D0065BABB /* IssueTableViewCell.swift */; };
		FB61E61C1C0399680065BABB /* IssueTableViewController.swift in Sources */ = {isa = PBXBuildFile; fileRef = FB61E61B1C0399680065BABB /* IssueTableViewController.swift */; };
		FBB8A5391BED62E000023A62 /* AppDelegate.swift in Sources */ = {isa = PBXBuildFile; fileRef = FBB8A5381BED62E000023A62 /* AppDelegate.swift */; };
		FBB8A53E1BED62E000023A62 /* Main.storyboard in Resources */ = {isa = PBXBuildFile; fileRef = FBB8A53C1BED62E000023A62 /* Main.storyboard */; };
		FBB8A5411BED62E000023A62 /* SilverQuill.xcdatamodeld in Sources */ = {isa = PBXBuildFile; fileRef = FBB8A53F1BED62E000023A62 /* SilverQuill.xcdatamodeld */; };
		FBB8A5431BED62E000023A62 /* Assets.xcassets in Resources */ = {isa = PBXBuildFile; fileRef = FBB8A5421BED62E000023A62 /* Assets.xcassets */; };
		FBB8A5461BED62E000023A62 /* LaunchScreen.storyboard in Resources */ = {isa = PBXBuildFile; fileRef = FBB8A5441BED62E000023A62 /* LaunchScreen.storyboard */; };
		FBB8A5511BED62E000023A62 /* SilverQuillTests.swift in Sources */ = {isa = PBXBuildFile; fileRef = FBB8A5501BED62E000023A62 /* SilverQuillTests.swift */; };
		FBB8A55C1BED62E000023A62 /* SilverQuillUITests.swift in Sources */ = {isa = PBXBuildFile; fileRef = FBB8A55B1BED62E000023A62 /* SilverQuillUITests.swift */; };
/* End PBXBuildFile section */

/* Begin PBXContainerItemProxy section */
		FBB8A54D1BED62E000023A62 /* PBXContainerItemProxy */ = {
			isa = PBXContainerItemProxy;
			containerPortal = FBB8A52D1BED62E000023A62 /* Project object */;
			proxyType = 1;
			remoteGlobalIDString = FBB8A5341BED62E000023A62;
			remoteInfo = SilverQuill;
		};
		FBB8A5581BED62E000023A62 /* PBXContainerItemProxy */ = {
			isa = PBXContainerItemProxy;
			containerPortal = FBB8A52D1BED62E000023A62 /* Project object */;
			proxyType = 1;
			remoteGlobalIDString = FBB8A5341BED62E000023A62;
			remoteInfo = SilverQuill;
		};
/* End PBXContainerItemProxy section */

/* Begin PBXFileReference section */
		343CD56F1C1527DA006F26BA /* PDFViewController.swift */ = {isa = PBXFileReference; fileEncoding = 4; lastKnownFileType = sourcecode.swift; path = PDFViewController.swift; sourceTree = "<group>"; };
		34609E711C10096400D0F743 /* StoreKit.framework */ = {isa = PBXFileReference; lastKnownFileType = wrapper.framework; name = StoreKit.framework; path = System/Library/Frameworks/StoreKit.framework; sourceTree = SDKROOT; };
		34A76D3E1C13D5C60065E790 /* Constants.swift */ = {isa = PBXFileReference; fileEncoding = 4; lastKnownFileType = sourcecode.swift; path = Constants.swift; sourceTree = "<group>"; };
		34A76D401C13E3010065E790 /* Version.swift */ = {isa = PBXFileReference; fileEncoding = 4; lastKnownFileType = sourcecode.swift; path = Version.swift; sourceTree = "<group>"; };
		34EF89E91C0F9AD30000E33B /* SettingsViewController.swift */ = {isa = PBXFileReference; fileEncoding = 4; lastKnownFileType = sourcecode.swift; path = SettingsViewController.swift; sourceTree = "<group>"; };
		FB61E6151C03986C0065BABB /* Issue.swift */ = {isa = PBXFileReference; fileEncoding = 4; lastKnownFileType = sourcecode.swift; path = Issue.swift; sourceTree = "<group>"; };
		FB61E6191C03994D0065BABB /* IssueTableViewCell.swift */ = {isa = PBXFileReference; fileEncoding = 4; lastKnownFileType = sourcecode.swift; path = IssueTableViewCell.swift; sourceTree = "<group>"; };
		FB61E61B1C0399680065BABB /* IssueTableViewController.swift */ = {isa = PBXFileReference; fileEncoding = 4; lastKnownFileType = sourcecode.swift; path = IssueTableViewController.swift; sourceTree = "<group>"; };
		FBB8A5351BED62E000023A62 /* SilverQuill.app */ = {isa = PBXFileReference; explicitFileType = wrapper.application; includeInIndex = 0; path = SilverQuill.app; sourceTree = BUILT_PRODUCTS_DIR; };
		FBB8A5381BED62E000023A62 /* AppDelegate.swift */ = {isa = PBXFileReference; lastKnownFileType = sourcecode.swift; path = AppDelegate.swift; sourceTree = "<group>"; };
		FBB8A53D1BED62E000023A62 /* Base */ = {isa = PBXFileReference; lastKnownFileType = file.storyboard; name = Base; path = Base.lproj/Main.storyboard; sourceTree = "<group>"; };
		FBB8A5401BED62E000023A62 /* SilverQuill.xcdatamodel */ = {isa = PBXFileReference; lastKnownFileType = wrapper.xcdatamodel; path = SilverQuill.xcdatamodel; sourceTree = "<group>"; };
		FBB8A5421BED62E000023A62 /* Assets.xcassets */ = {isa = PBXFileReference; lastKnownFileType = folder.assetcatalog; path = Assets.xcassets; sourceTree = "<group>"; };
		FBB8A5451BED62E000023A62 /* Base */ = {isa = PBXFileReference; lastKnownFileType = file.storyboard; name = Base; path = Base.lproj/LaunchScreen.storyboard; sourceTree = "<group>"; };
		FBB8A5471BED62E000023A62 /* Info.plist */ = {isa = PBXFileReference; lastKnownFileType = text.plist.xml; path = Info.plist; sourceTree = "<group>"; };
		FBB8A54C1BED62E000023A62 /* SilverQuillTests.xctest */ = {isa = PBXFileReference; explicitFileType = wrapper.cfbundle; includeInIndex = 0; path = SilverQuillTests.xctest; sourceTree = BUILT_PRODUCTS_DIR; };
		FBB8A5501BED62E000023A62 /* SilverQuillTests.swift */ = {isa = PBXFileReference; lastKnownFileType = sourcecode.swift; path = SilverQuillTests.swift; sourceTree = "<group>"; };
		FBB8A5521BED62E000023A62 /* Info.plist */ = {isa = PBXFileReference; lastKnownFileType = text.plist.xml; path = Info.plist; sourceTree = "<group>"; };
		FBB8A5571BED62E000023A62 /* SilverQuillUITests.xctest */ = {isa = PBXFileReference; explicitFileType = wrapper.cfbundle; includeInIndex = 0; path = SilverQuillUITests.xctest; sourceTree = BUILT_PRODUCTS_DIR; };
		FBB8A55B1BED62E000023A62 /* SilverQuillUITests.swift */ = {isa = PBXFileReference; lastKnownFileType = sourcecode.swift; path = SilverQuillUITests.swift; sourceTree = "<group>"; };
		FBB8A55D1BED62E000023A62 /* Info.plist */ = {isa = PBXFileReference; lastKnownFileType = text.plist.xml; path = Info.plist; sourceTree = "<group>"; };
/* End PBXFileReference section */

/* Begin PBXFrameworksBuildPhase section */
		FBB8A5321BED62E000023A62 /* Frameworks */ = {
			isa = PBXFrameworksBuildPhase;
			buildActionMask = 2147483647;
			files = (
				34609E721C10096400D0F743 /* StoreKit.framework in Frameworks */,
			);
			runOnlyForDeploymentPostprocessing = 0;
		};
		FBB8A5491BED62E000023A62 /* Frameworks */ = {
			isa = PBXFrameworksBuildPhase;
			buildActionMask = 2147483647;
			files = (
			);
			runOnlyForDeploymentPostprocessing = 0;
		};
		FBB8A5541BED62E000023A62 /* Frameworks */ = {
			isa = PBXFrameworksBuildPhase;
			buildActionMask = 2147483647;
			files = (
			);
			runOnlyForDeploymentPostprocessing = 0;
		};
/* End PBXFrameworksBuildPhase section */

/* Begin PBXGroup section */
		FBB8A52C1BED62E000023A62 = {
			isa = PBXGroup;
			children = (
				34609E711C10096400D0F743 /* StoreKit.framework */,
				FBB8A5371BED62E000023A62 /* SilverQuill */,
				FBB8A54F1BED62E000023A62 /* SilverQuillTests */,
				FBB8A55A1BED62E000023A62 /* SilverQuillUITests */,
				FBB8A5361BED62E000023A62 /* Products */,
			);
			sourceTree = "<group>";
		};
		FBB8A5361BED62E000023A62 /* Products */ = {
			isa = PBXGroup;
			children = (
				FBB8A5351BED62E000023A62 /* SilverQuill.app */,
				FBB8A54C1BED62E000023A62 /* SilverQuillTests.xctest */,
				FBB8A5571BED62E000023A62 /* SilverQuillUITests.xctest */,
			);
			name = Products;
			sourceTree = "<group>";
		};
		FBB8A5371BED62E000023A62 /* SilverQuill */ = {
			isa = PBXGroup;
			children = (
				FBB8A5381BED62E000023A62 /* AppDelegate.swift */,
				FBB8A53C1BED62E000023A62 /* Main.storyboard */,
				FB61E61B1C0399680065BABB /* IssueTableViewController.swift */,
				FB61E6191C03994D0065BABB /* IssueTableViewCell.swift */,
				343CD56F1C1527DA006F26BA /* PDFViewController.swift */,
				34EF89E91C0F9AD30000E33B /* SettingsViewController.swift */,
				34A76D3E1C13D5C60065E790 /* Constants.swift */,
				FB61E6151C03986C0065BABB /* Issue.swift */,
				34A76D401C13E3010065E790 /* Version.swift */,
				FBB8A5421BED62E000023A62 /* Assets.xcassets */,
				FBB8A5441BED62E000023A62 /* LaunchScreen.storyboard */,
				FBB8A5471BED62E000023A62 /* Info.plist */,
				FBB8A53F1BED62E000023A62 /* SilverQuill.xcdatamodeld */,
			);
			path = SilverQuill;
			sourceTree = "<group>";
		};
		FBB8A54F1BED62E000023A62 /* SilverQuillTests */ = {
			isa = PBXGroup;
			children = (
				FBB8A5501BED62E000023A62 /* SilverQuillTests.swift */,
				FBB8A5521BED62E000023A62 /* Info.plist */,
			);
			path = SilverQuillTests;
			sourceTree = "<group>";
		};
		FBB8A55A1BED62E000023A62 /* SilverQuillUITests */ = {
			isa = PBXGroup;
			children = (
				FBB8A55B1BED62E000023A62 /* SilverQuillUITests.swift */,
				FBB8A55D1BED62E000023A62 /* Info.plist */,
			);
			path = SilverQuillUITests;
			sourceTree = "<group>";
		};
/* End PBXGroup section */

/* Begin PBXNativeTarget section */
		FBB8A5341BED62E000023A62 /* SilverQuill */ = {
			isa = PBXNativeTarget;
			buildConfigurationList = FBB8A5601BED62E000023A62 /* Build configuration list for PBXNativeTarget "SilverQuill" */;
			buildPhases = (
				FBB8A5311BED62E000023A62 /* Sources */,
				FBB8A5321BED62E000023A62 /* Frameworks */,
				FBB8A5331BED62E000023A62 /* Resources */,
			);
			buildRules = (
			);
			dependencies = (
			);
			name = SilverQuill;
			productName = SilverQuill;
			productReference = FBB8A5351BED62E000023A62 /* SilverQuill.app */;
			productType = "com.apple.product-type.application";
		};
		FBB8A54B1BED62E000023A62 /* SilverQuillTests */ = {
			isa = PBXNativeTarget;
			buildConfigurationList = FBB8A5631BED62E000023A62 /* Build configuration list for PBXNativeTarget "SilverQuillTests" */;
			buildPhases = (
				FBB8A5481BED62E000023A62 /* Sources */,
				FBB8A5491BED62E000023A62 /* Frameworks */,
				FBB8A54A1BED62E000023A62 /* Resources */,
			);
			buildRules = (
			);
			dependencies = (
				FBB8A54E1BED62E000023A62 /* PBXTargetDependency */,
			);
			name = SilverQuillTests;
			productName = SilverQuillTests;
			productReference = FBB8A54C1BED62E000023A62 /* SilverQuillTests.xctest */;
			productType = "com.apple.product-type.bundle.unit-test";
		};
		FBB8A5561BED62E000023A62 /* SilverQuillUITests */ = {
			isa = PBXNativeTarget;
			buildConfigurationList = FBB8A5661BED62E000023A62 /* Build configuration list for PBXNativeTarget "SilverQuillUITests" */;
			buildPhases = (
				FBB8A5531BED62E000023A62 /* Sources */,
				FBB8A5541BED62E000023A62 /* Frameworks */,
				FBB8A5551BED62E000023A62 /* Resources */,
			);
			buildRules = (
			);
			dependencies = (
				FBB8A5591BED62E000023A62 /* PBXTargetDependency */,
			);
			name = SilverQuillUITests;
			productName = SilverQuillUITests;
			productReference = FBB8A5571BED62E000023A62 /* SilverQuillUITests.xctest */;
			productType = "com.apple.product-type.bundle.ui-testing";
		};
/* End PBXNativeTarget section */

/* Begin PBXProject section */
		FBB8A52D1BED62E000023A62 /* Project object */ = {
			isa = PBXProject;
			attributes = {
				LastUpgradeCheck = 0700;
				ORGANIZATIONNAME = SmartPhoneClub;
				TargetAttributes = {
					FBB8A5341BED62E000023A62 = {
						CreatedOnToolsVersion = 7.0.1;
						DevelopmentTeam = 8V7W9DJD8T;
						SystemCapabilities = {
							com.apple.InAppPurchase = {
								enabled = 1;
							};
							com.apple.Push = {
								enabled = 1;
							};
						};
					};
					FBB8A54B1BED62E000023A62 = {
						CreatedOnToolsVersion = 7.0.1;
						TestTargetID = FBB8A5341BED62E000023A62;
					};
					FBB8A5561BED62E000023A62 = {
						CreatedOnToolsVersion = 7.0.1;
						TestTargetID = FBB8A5341BED62E000023A62;
					};
				};
			};
			buildConfigurationList = FBB8A5301BED62E000023A62 /* Build configuration list for PBXProject "SilverQuill" */;
			compatibilityVersion = "Xcode 3.2";
			developmentRegion = English;
			hasScannedForEncodings = 0;
			knownRegions = (
				en,
				Base,
			);
			mainGroup = FBB8A52C1BED62E000023A62;
			productRefGroup = FBB8A5361BED62E000023A62 /* Products */;
			projectDirPath = "";
			projectRoot = "";
			targets = (
				FBB8A5341BED62E000023A62 /* SilverQuill */,
				FBB8A54B1BED62E000023A62 /* SilverQuillTests */,
				FBB8A5561BED62E000023A62 /* SilverQuillUITests */,
			);
		};
/* End PBXProject section */

/* Begin PBXResourcesBuildPhase section */
		FBB8A5331BED62E000023A62 /* Resources */ = {
			isa = PBXResourcesBuildPhase;
			buildActionMask = 2147483647;
			files = (
				FBB8A5461BED62E000023A62 /* LaunchScreen.storyboard in Resources */,
				FBB8A5431BED62E000023A62 /* Assets.xcassets in Resources */,
				FBB8A53E1BED62E000023A62 /* Main.storyboard in Resources */,
			);
			runOnlyForDeploymentPostprocessing = 0;
		};
		FBB8A54A1BED62E000023A62 /* Resources */ = {
			isa = PBXResourcesBuildPhase;
			buildActionMask = 2147483647;
			files = (
			);
			runOnlyForDeploymentPostprocessing = 0;
		};
		FBB8A5551BED62E000023A62 /* Resources */ = {
			isa = PBXResourcesBuildPhase;
			buildActionMask = 2147483647;
			files = (
			);
			runOnlyForDeploymentPostprocessing = 0;
		};
/* End PBXResourcesBuildPhase section */

/* Begin PBXSourcesBuildPhase section */
		FBB8A5311BED62E000023A62 /* Sources */ = {
			isa = PBXSourcesBuildPhase;
			buildActionMask = 2147483647;
			files = (
				343CD5701C1527DA006F26BA /* PDFViewController.swift in Sources */,
				FB61E61C1C0399680065BABB /* IssueTableViewController.swift in Sources */,
				FB61E61A1C03994D0065BABB /* IssueTableViewCell.swift in Sources */,
				34A76D3F1C13D5C60065E790 /* Constants.swift in Sources */,
				34EF89EA1C0F9AD30000E33B /* SettingsViewController.swift in Sources */,
				FB61E6161C03986C0065BABB /* Issue.swift in Sources */,
				FBB8A5411BED62E000023A62 /* SilverQuill.xcdatamodeld in Sources */,
				34A76D411C13E3010065E790 /* Version.swift in Sources */,
				FBB8A5391BED62E000023A62 /* AppDelegate.swift in Sources */,
			);
			runOnlyForDeploymentPostprocessing = 0;
		};
		FBB8A5481BED62E000023A62 /* Sources */ = {
			isa = PBXSourcesBuildPhase;
			buildActionMask = 2147483647;
			files = (
				FBB8A5511BED62E000023A62 /* SilverQuillTests.swift in Sources */,
			);
			runOnlyForDeploymentPostprocessing = 0;
		};
		FBB8A5531BED62E000023A62 /* Sources */ = {
			isa = PBXSourcesBuildPhase;
			buildActionMask = 2147483647;
			files = (
				FBB8A55C1BED62E000023A62 /* SilverQuillUITests.swift in Sources */,
			);
			runOnlyForDeploymentPostprocessing = 0;
		};
/* End PBXSourcesBuildPhase section */

/* Begin PBXTargetDependency section */
		FBB8A54E1BED62E000023A62 /* PBXTargetDependency */ = {
			isa = PBXTargetDependency;
			target = FBB8A5341BED62E000023A62 /* SilverQuill */;
			targetProxy = FBB8A54D1BED62E000023A62 /* PBXContainerItemProxy */;
		};
		FBB8A5591BED62E000023A62 /* PBXTargetDependency */ = {
			isa = PBXTargetDependency;
			target = FBB8A5341BED62E000023A62 /* SilverQuill */;
			targetProxy = FBB8A5581BED62E000023A62 /* PBXContainerItemProxy */;
		};
/* End PBXTargetDependency section */

/* Begin PBXVariantGroup section */
		FBB8A53C1BED62E000023A62 /* Main.storyboard */ = {
			isa = PBXVariantGroup;
			children = (
				FBB8A53D1BED62E000023A62 /* Base */,
			);
			name = Main.storyboard;
			sourceTree = "<group>";
		};
		FBB8A5441BED62E000023A62 /* LaunchScreen.storyboard */ = {
			isa = PBXVariantGroup;
			children = (
				FBB8A5451BED62E000023A62 /* Base */,
			);
			name = LaunchScreen.storyboard;
			sourceTree = "<group>";
		};
/* End PBXVariantGroup section */

/* Begin XCBuildConfiguration section */
		FBB8A55E1BED62E000023A62 /* Debug */ = {
			isa = XCBuildConfiguration;
			buildSettings = {
				ALWAYS_SEARCH_USER_PATHS = NO;
				CLANG_CXX_LANGUAGE_STANDARD = "gnu++0x";
				CLANG_CXX_LIBRARY = "libc++";
				CLANG_ENABLE_MODULES = YES;
				CLANG_ENABLE_OBJC_ARC = YES;
				CLANG_WARN_BOOL_CONVERSION = YES;
				CLANG_WARN_CONSTANT_CONVERSION = YES;
				CLANG_WARN_DIRECT_OBJC_ISA_USAGE = YES_ERROR;
				CLANG_WARN_EMPTY_BODY = YES;
				CLANG_WARN_ENUM_CONVERSION = YES;
				CLANG_WARN_INT_CONVERSION = YES;
				CLANG_WARN_OBJC_ROOT_CLASS = YES_ERROR;
				CLANG_WARN_UNREACHABLE_CODE = YES;
				CLANG_WARN__DUPLICATE_METHOD_MATCH = YES;
				"CODE_SIGN_IDENTITY[sdk=iphoneos*]" = "iPhone Developer";
				COPY_PHASE_STRIP = NO;
				DEBUG_INFORMATION_FORMAT = dwarf;
				ENABLE_STRICT_OBJC_MSGSEND = YES;
				ENABLE_TESTABILITY = YES;
				GCC_C_LANGUAGE_STANDARD = gnu99;
				GCC_DYNAMIC_NO_PIC = NO;
				GCC_NO_COMMON_BLOCKS = YES;
				GCC_OPTIMIZATION_LEVEL = 0;
				GCC_PREPROCESSOR_DEFINITIONS = (
					"DEBUG=1",
					"$(inherited)",
				);
				GCC_WARN_64_TO_32_BIT_CONVERSION = YES;
				GCC_WARN_ABOUT_RETURN_TYPE = YES_ERROR;
				GCC_WARN_UNDECLARED_SELECTOR = YES;
				GCC_WARN_UNINITIALIZED_AUTOS = YES_AGGRESSIVE;
				GCC_WARN_UNUSED_FUNCTION = YES;
				GCC_WARN_UNUSED_VARIABLE = YES;
				IPHONEOS_DEPLOYMENT_TARGET = 9.0;
				MTL_ENABLE_DEBUG_INFO = YES;
				ONLY_ACTIVE_ARCH = YES;
				SDKROOT = iphoneos;
				SWIFT_OPTIMIZATION_LEVEL = "-Onone";
				TARGETED_DEVICE_FAMILY = "1,2";
			};
			name = Debug;
		};
		FBB8A55F1BED62E000023A62 /* Release */ = {
			isa = XCBuildConfiguration;
			buildSettings = {
				ALWAYS_SEARCH_USER_PATHS = NO;
				CLANG_CXX_LANGUAGE_STANDARD = "gnu++0x";
				CLANG_CXX_LIBRARY = "libc++";
				CLANG_ENABLE_MODULES = YES;
				CLANG_ENABLE_OBJC_ARC = YES;
				CLANG_WARN_BOOL_CONVERSION = YES;
				CLANG_WARN_CONSTANT_CONVERSION = YES;
				CLANG_WARN_DIRECT_OBJC_ISA_USAGE = YES_ERROR;
				CLANG_WARN_EMPTY_BODY = YES;
				CLANG_WARN_ENUM_CONVERSION = YES;
				CLANG_WARN_INT_CONVERSION = YES;
				CLANG_WARN_OBJC_ROOT_CLASS = YES_ERROR;
				CLANG_WARN_UNREACHABLE_CODE = YES;
				CLANG_WARN__DUPLICATE_METHOD_MATCH = YES;
				"CODE_SIGN_IDENTITY[sdk=iphoneos*]" = "iPhone Developer";
				COPY_PHASE_STRIP = NO;
				DEBUG_INFORMATION_FORMAT = "dwarf-with-dsym";
				ENABLE_NS_ASSERTIONS = NO;
				ENABLE_STRICT_OBJC_MSGSEND = YES;
				GCC_C_LANGUAGE_STANDARD = gnu99;
				GCC_NO_COMMON_BLOCKS = YES;
				GCC_WARN_64_TO_32_BIT_CONVERSION = YES;
				GCC_WARN_ABOUT_RETURN_TYPE = YES_ERROR;
				GCC_WARN_UNDECLARED_SELECTOR = YES;
				GCC_WARN_UNINITIALIZED_AUTOS = YES_AGGRESSIVE;
				GCC_WARN_UNUSED_FUNCTION = YES;
				GCC_WARN_UNUSED_VARIABLE = YES;
				IPHONEOS_DEPLOYMENT_TARGET = 9.0;
				MTL_ENABLE_DEBUG_INFO = NO;
				SDKROOT = iphoneos;
				TARGETED_DEVICE_FAMILY = "1,2";
				VALIDATE_PRODUCT = YES;
			};
			name = Release;
		};
		FBB8A5611BED62E000023A62 /* Debug */ = {
			isa = XCBuildConfiguration;
			buildSettings = {
				ASSETCATALOG_COMPILER_APPICON_NAME = AppIcon;
				CODE_SIGN_IDENTITY = "iPhone Developer";
				"CODE_SIGN_IDENTITY[sdk=iphoneos*]" = "iPhone Developer";
				INFOPLIST_FILE = SilverQuill/Info.plist;
				IPHONEOS_DEPLOYMENT_TARGET = 8.0;
				LD_RUNPATH_SEARCH_PATHS = "$(inherited) @executable_path/Frameworks";
				PRODUCT_BUNDLE_IDENTIFIER = com.mbhs.spc.silverquill;
				PRODUCT_NAME = "$(TARGET_NAME)";
				PROVISIONING_PROFILE = "";
			};
			name = Debug;
		};
		FBB8A5621BED62E000023A62 /* Release */ = {
			isa = XCBuildConfiguration;
			buildSettings = {
				ASSETCATALOG_COMPILER_APPICON_NAME = AppIcon;
				CODE_SIGN_IDENTITY = "iPhone Developer";
				"CODE_SIGN_IDENTITY[sdk=iphoneos*]" = "iPhone Developer";
				INFOPLIST_FILE = SilverQuill/Info.plist;
				IPHONEOS_DEPLOYMENT_TARGET = 8.0;
				LD_RUNPATH_SEARCH_PATHS = "$(inherited) @executable_path/Frameworks";
				PRODUCT_BUNDLE_IDENTIFIER = com.mbhs.spc.silverquill;
				PRODUCT_NAME = "$(TARGET_NAME)";
				PROVISIONING_PROFILE = "";
			};
			name = Release;
		};
		FBB8A5641BED62E000023A62 /* Debug */ = {
			isa = XCBuildConfiguration;
			buildSettings = {
				BUNDLE_LOADER = "$(TEST_HOST)";
				INFOPLIST_FILE = SilverQuillTests/Info.plist;
				LD_RUNPATH_SEARCH_PATHS = "$(inherited) @executable_path/Frameworks @loader_path/Frameworks";
				PRODUCT_BUNDLE_IDENTIFIER = com.spc.SilverQuillTests;
				PRODUCT_NAME = "$(TARGET_NAME)";
				TEST_HOST = "$(BUILT_PRODUCTS_DIR)/SilverQuill.app/SilverQuill";
			};
			name = Debug;
		};
		FBB8A5651BED62E000023A62 /* Release */ = {
			isa = XCBuildConfiguration;
			buildSettings = {
				BUNDLE_LOADER = "$(TEST_HOST)";
				INFOPLIST_FILE = SilverQuillTests/Info.plist;
				LD_RUNPATH_SEARCH_PATHS = "$(inherited) @executable_path/Frameworks @loader_path/Frameworks";
				PRODUCT_BUNDLE_IDENTIFIER = com.spc.SilverQuillTests;
				PRODUCT_NAME = "$(TARGET_NAME)";
				TEST_HOST = "$(BUILT_PRODUCTS_DIR)/SilverQuill.app/SilverQuill";
			};
			name = Release;
		};
		FBB8A5671BED62E000023A62 /* Debug */ = {
			isa = XCBuildConfiguration;
			buildSettings = {
				INFOPLIST_FILE = SilverQuillUITests/Info.plist;
				LD_RUNPATH_SEARCH_PATHS = "$(inherited) @executable_path/Frameworks @loader_path/Frameworks";
				PRODUCT_BUNDLE_IDENTIFIER = com.spc.SilverQuillUITests;
				PRODUCT_NAME = "$(TARGET_NAME)";
				TEST_TARGET_NAME = SilverQuill;
				USES_XCTRUNNER = YES;
			};
			name = Debug;
		};
		FBB8A5681BED62E000023A62 /* Release */ = {
			isa = XCBuildConfiguration;
			buildSettings = {
				INFOPLIST_FILE = SilverQuillUITests/Info.plist;
				LD_RUNPATH_SEARCH_PATHS = "$(inherited) @executable_path/Frameworks @loader_path/Frameworks";
				PRODUCT_BUNDLE_IDENTIFIER = com.spc.SilverQuillUITests;
				PRODUCT_NAME = "$(TARGET_NAME)";
				TEST_TARGET_NAME = SilverQuill;
				USES_XCTRUNNER = YES;
			};
			name = Release;
		};
/* End XCBuildConfiguration section */

/* Begin XCConfigurationList section */
		FBB8A5301BED62E000023A62 /* Build configuration list for PBXProject "SilverQuill" */ = {
			isa = XCConfigurationList;
			buildConfigurations = (
				FBB8A55E1BED62E000023A62 /* Debug */,
				FBB8A55F1BED62E000023A62 /* Release */,
			);
			defaultConfigurationIsVisible = 0;
			defaultConfigurationName = Release;
		};
		FBB8A5601BED62E000023A62 /* Build configuration list for PBXNativeTarget "SilverQuill" */ = {
			isa = XCConfigurationList;
			buildConfigurations = (
				FBB8A5611BED62E000023A62 /* Debug */,
				FBB8A5621BED62E000023A62 /* Release */,
			);
			defaultConfigurationIsVisible = 0;
			defaultConfigurationName = Release;
		};
		FBB8A5631BED62E000023A62 /* Build configuration list for PBXNativeTarget "SilverQuillTests" */ = {
			isa = XCConfigurationList;
			buildConfigurations = (
				FBB8A5641BED62E000023A62 /* Debug */,
				FBB8A5651BED62E000023A62 /* Release */,
			);
			defaultConfigurationIsVisible = 0;
			defaultConfigurationName = Release;
		};
		FBB8A5661BED62E000023A62 /* Build configuration list for PBXNativeTarget "SilverQuillUITests" */ = {
			isa = XCConfigurationList;
			buildConfigurations = (
				FBB8A5671BED62E000023A62 /* Debug */,
				FBB8A5681BED62E000023A62 /* Release */,
			);
			defaultConfigurationIsVisible = 0;
			defaultConfigurationName = Release;
		};
/* End XCConfigurationList section */

/* Begin XCVersionGroup section */
		FBB8A53F1BED62E000023A62 /* SilverQuill.xcdatamodeld */ = {
			isa = XCVersionGroup;
			children = (
				FBB8A5401BED62E000023A62 /* SilverQuill.xcdatamodel */,
			);
			currentVersion = FBB8A5401BED62E000023A62 /* SilverQuill.xcdatamodel */;
			path = SilverQuill.xcdatamodeld;
			sourceTree = "<group>";
			versionGroupType = wrapper.xcdatamodel;
		};
/* End XCVersionGroup section */
	};
	rootObject = FBB8A52D1BED62E000023A62 /* Project object */;
}
